
Microsoft Visual Studio Solution File, Format Version 12.00
# Visual Studio Version 17
VisualStudioVersion = 17.4.33205.214
MinimumVisualStudioVersion = 10.0.40219.1
Project("{FAE04EC0-301F-11D3-BF4B-00C04F79EFBC}") = "課題1", "課題\課題1.csproj", "{6C012097-F6D1-4C78-B1B9-9D2AE9DFF5FD}"
EndProject
Project("{FAE04EC0-301F-11D3-BF4B-00C04F79EFBC}") = "課題3", "課題3\課題3.csproj", "{D613B5BD-6E15-45DA-A98B-240FDC0B2F18}"
EndProject
Project("{FAE04EC0-301F-11D3-BF4B-00C04F79EFBC}") = "課題2", "課題2\課題2.csproj", "{2ACC98C2-51B9-42BC-BFC6-CC6E2E8C33B7}"
EndProject
Global
	GlobalSection(SolutionConfigurationPlatforms) = preSolution
		Debug|Any CPU = Debug|Any CPU
		Release|Any CPU = Release|Any CPU
	EndGlobalSection
	GlobalSection(ProjectConfigurationPlatforms) = postSolution
		{6C012097-F6D1-4C78-B1B9-9D2AE9DFF5FD}.Debug|Any CPU.ActiveCfg = Debug|Any CPU
		{6C012097-F6D1-4C78-B1B9-9D2AE9DFF5FD}.Debug|Any CPU.Build.0 = Debug|Any CPU
		{6C012097-F6D1-4C78-B1B9-9D2AE9DFF5FD}.Release|Any CPU.ActiveCfg = Release|Any CPU
		{6C012097-F6D1-4C78-B1B9-9D2AE9DFF5FD}.Release|Any CPU.Build.0 = Release|Any CPU
		{D613B5BD-6E15-45DA-A98B-240FDC0B2F18}.Debug|Any CPU.ActiveCfg = Debug|Any CPU
		{D613B5BD-6E15-45DA-A98B-240FDC0B2F18}.Debug|Any CPU.Build.0 = Debug|Any CPU
		{D613B5BD-6E15-45DA-A98B-240FDC0B2F18}.Release|Any CPU.ActiveCfg = Release|Any CPU
		{D613B5BD-6E15-45DA-A98B-240FDC0B2F18}.Release|Any CPU.Build.0 = Release|Any CPU
		{2ACC98C2-51B9-42BC-BFC6-CC6E2E8C33B7}.Debug|Any CPU.ActiveCfg = Debug|Any CPU
		{2ACC98C2-51B9-42BC-BFC6-CC6E2E8C33B7}.Debug|Any CPU.Build.0 = Debug|Any CPU
		{2ACC98C2-51B9-42BC-BFC6-CC6E2E8C33B7}.Release|Any CPU.ActiveCfg = Release|Any CPU
		{2ACC98C2-51B9-42BC-BFC6-CC6E2E8C33B7}.Release|Any CPU.Build.0 = Release|Any CPU
	EndGlobalSection
	GlobalSection(SolutionProperties) = preSolution
		HideSolutionNode = FALSE
	EndGlobalSection
	GlobalSection(ExtensibilityGlobals) = postSolution
		SolutionGuid = {0EB52B06-4D09-42A2-A743-ED0A67FF1567}
	EndGlobalSection
EndGlobal
